
Microsoft Visual Studio Solution File, Format Version 12.00
# Visual Studio Version 16
VisualStudioVersion = 16.0.31515.178
MinimumVisualStudioVersion = 10.0.40219.1
Project("{8BC9CEB8-8B4A-11D0-8D11-00A0C91BC942}") = "12221_구구단2", "12221_구구단2\12221_구구단2.vcxproj", "{06731317-6829-4A00-98A2-91B0A30BA4DE}"
EndProject
Global
	GlobalSection(SolutionConfigurationPlatforms) = preSolution
		Debug|x64 = Debug|x64
		Debug|x86 = Debug|x86
		Release|x64 = Release|x64
		Release|x86 = Release|x86
	EndGlobalSection
	GlobalSection(ProjectConfigurationPlatforms) = postSolution
		{06731317-6829-4A00-98A2-91B0A30BA4DE}.Debug|x64.ActiveCfg = Debug|x64
		{06731317-6829-4A00-98A2-91B0A30BA4DE}.Debug|x64.Build.0 = Debug|x64
		{06731317-6829-4A00-98A2-91B0A30BA4DE}.Debug|x86.ActiveCfg = Debug|Win32
		{06731317-6829-4A00-98A2-91B0A30BA4DE}.Debug|x86.Build.0 = Debug|Win32
		{06731317-6829-4A00-98A2-91B0A30BA4DE}.Release|x64.ActiveCfg = Release|x64
		{06731317-6829-4A00-98A2-91B0A30BA4DE}.Release|x64.Build.0 = Release|x64
		{06731317-6829-4A00-98A2-91B0A30BA4DE}.Release|x86.ActiveCfg = Release|Win32
		{06731317-6829-4A00-98A2-91B0A30BA4DE}.Release|x86.Build.0 = Release|Win32
	EndGlobalSection
	GlobalSection(SolutionProperties) = preSolution
		HideSolutionNode = FALSE
	EndGlobalSection
	GlobalSection(ExtensibilityGlobals) = postSolution
		SolutionGuid = {D5D2E148-7E30-4811-8CD3-A49BF1A831F3}
	EndGlobalSection
EndGlobal
